
Microsoft Visual Studio Solution File, Format Version 12.00
# Visual Studio Version 17
VisualStudioVersion = 17.7.34024.191
MinimumVisualStudioVersion = 10.0.40219.1
Project("{FAE04EC0-301F-11D3-BF4B-00C04F79EFBC}") = "CafeMobile", "CafeMobile.csproj", "{9147C375-9CB7-4CB6-85C5-A096AA0E2901}"
EndProject
Global
	GlobalSection(SolutionConfigurationPlatforms) = preSolution
		Debug|Any CPU = Debug|Any CPU
		Release|Any CPU = Release|Any CPU
	EndGlobalSection
	GlobalSection(ProjectConfigurationPlatforms) = postSolution
		{9147C375-9CB7-4CB6-85C5-A096AA0E2901}.Debug|Any CPU.ActiveCfg = Debug|Any CPU
		{9147C375-9CB7-4CB6-85C5-A096AA0E2901}.Debug|Any CPU.Build.0 = Debug|Any CPU
		{9147C375-9CB7-4CB6-85C5-A096AA0E2901}.Debug|Any CPU.Deploy.0 = Debug|Any CPU
		{9147C375-9CB7-4CB6-85C5-A096AA0E2901}.Release|Any CPU.ActiveCfg = Release|Any CPU
		{9147C375-9CB7-4CB6-85C5-A096AA0E2901}.Release|Any CPU.Build.0 = Release|Any CPU
		{9147C375-9CB7-4CB6-85C5-A096AA0E2901}.Release|Any CPU.Deploy.0 = Release|Any CPU
	EndGlobalSection
	GlobalSection(SolutionProperties) = preSolution
		HideSolutionNode = FALSE
	EndGlobalSection
	GlobalSection(ExtensibilityGlobals) = postSolution
		SolutionGuid = {DD213302-9BAA-4551-98EA-8538011FD9DA}
	EndGlobalSection
EndGlobal
